
Microsoft Visual Studio Solution File, Format Version 12.00
# Visual Studio Version 17
VisualStudioVersion = 17.0.31903.59
MinimumVisualStudioVersion = 10.0.40219.1
Project("{FAE04EC0-301F-11D3-BF4B-00C04F79EFBC}") = "API", "API\API.csproj", "{821627A3-61BE-4E93-999B-B0579C196BBD}"
EndProject
Project("{FAE04EC0-301F-11D3-BF4B-00C04F79EFBC}") = "Core", "Core\Core.csproj", "{920FB94A-FB40-46AE-A8EA-62AE28AA8EA8}"
EndProject
Project("{FAE04EC0-301F-11D3-BF4B-00C04F79EFBC}") = "Infrastructure", "Infrastructure\Infrastructure.csproj", "{474E3D84-CE2A-40AB-85E5-F39F3D439CCD}"
EndProject
Global
	GlobalSection(SolutionConfigurationPlatforms) = preSolution
		Debug|Any CPU = Debug|Any CPU
		Release|Any CPU = Release|Any CPU
	EndGlobalSection
	GlobalSection(SolutionProperties) = preSolution
		HideSolutionNode = FALSE
	EndGlobalSection
	GlobalSection(ProjectConfigurationPlatforms) = postSolution
		{821627A3-61BE-4E93-999B-B0579C196BBD}.Debug|Any CPU.ActiveCfg = Debug|Any CPU
		{821627A3-61BE-4E93-999B-B0579C196BBD}.Debug|Any CPU.Build.0 = Debug|Any CPU
		{821627A3-61BE-4E93-999B-B0579C196BBD}.Release|Any CPU.ActiveCfg = Release|Any CPU
		{821627A3-61BE-4E93-999B-B0579C196BBD}.Release|Any CPU.Build.0 = Release|Any CPU
		{920FB94A-FB40-46AE-A8EA-62AE28AA8EA8}.Debug|Any CPU.ActiveCfg = Debug|Any CPU
		{920FB94A-FB40-46AE-A8EA-62AE28AA8EA8}.Debug|Any CPU.Build.0 = Debug|Any CPU
		{920FB94A-FB40-46AE-A8EA-62AE28AA8EA8}.Release|Any CPU.ActiveCfg = Release|Any CPU
		{920FB94A-FB40-46AE-A8EA-62AE28AA8EA8}.Release|Any CPU.Build.0 = Release|Any CPU
		{474E3D84-CE2A-40AB-85E5-F39F3D439CCD}.Debug|Any CPU.ActiveCfg = Debug|Any CPU
		{474E3D84-CE2A-40AB-85E5-F39F3D439CCD}.Debug|Any CPU.Build.0 = Debug|Any CPU
		{474E3D84-CE2A-40AB-85E5-F39F3D439CCD}.Release|Any CPU.ActiveCfg = Release|Any CPU
		{474E3D84-CE2A-40AB-85E5-F39F3D439CCD}.Release|Any CPU.Build.0 = Release|Any CPU
	EndGlobalSection
EndGlobal
